{
    "sensiolabs/security-checker": {
        "version": "4.0",
        "recipe": {
            "repo": "github.com/symfony/recipes",
            "branch": "master",
            "version": "4.0",
            "ref": "05daf6b214e54aed4089f3480f944a67ac3a7889"
        },
        "files": [
            "config/packages/security_checker.yaml"
        ]
    }
}
